// !$*UTF8*$!
{
	archiveVersion = 1;
	classes = {
	};
	objectVersion = 50;
	objects = {

/* Begin PBXBuildFile section */
		E923938025C988CF006931B9 /* AppDelegate.swift in Sources */ = {isa = PBXBuildFile; fileRef = E923937F25C988CF006931B9 /* AppDelegate.swift */; };
		E923938225C988CF006931B9 /* SceneDelegate.swift in Sources */ = {isa = PBXBuildFile; fileRef = E923938125C988CF006931B9 /* SceneDelegate.swift */; };
		E923938A25C988CF006931B9 /* QuizZap.xcdatamodeld in Sources */ = {isa = PBXBuildFile; fileRef = E923938825C988CF006931B9 /* QuizZap.xcdatamodeld */; };
		E923938C25C988D1006931B9 /* Assets.xcassets in Resources */ = {isa = PBXBuildFile; fileRef = E923938B25C988D1006931B9 /* Assets.xcassets */; };
		E923938F25C988D1006931B9 /* LaunchScreen.storyboard in Resources */ = {isa = PBXBuildFile; fileRef = E923938D25C988D1006931B9 /* LaunchScreen.storyboard */; };
		E923939A25C988D2006931B9 /* QuizZapTests.swift in Sources */ = {isa = PBXBuildFile; fileRef = E923939925C988D2006931B9 /* QuizZapTests.swift */; };
		E92393A525C988D2006931B9 /* QuizZapUITests.swift in Sources */ = {isa = PBXBuildFile; fileRef = E92393A425C988D2006931B9 /* QuizZapUITests.swift */; };
		E92393CD25C99130006931B9 /* QuizPresenter.swift in Sources */ = {isa = PBXBuildFile; fileRef = E92393C725C99130006931B9 /* QuizPresenter.swift */; };
		E92393CE25C99130006931B9 /* QuizAPIWorker.swift in Sources */ = {isa = PBXBuildFile; fileRef = E92393C825C99130006931B9 /* QuizAPIWorker.swift */; };
		E92393CF25C99130006931B9 /* QuizRouter.swift in Sources */ = {isa = PBXBuildFile; fileRef = E92393C925C99130006931B9 /* QuizRouter.swift */; };
		E92393D025C99131006931B9 /* QuizModels.swift in Sources */ = {isa = PBXBuildFile; fileRef = E92393CA25C99130006931B9 /* QuizModels.swift */; };
		E92393D125C99131006931B9 /* QuizViewController.swift in Sources */ = {isa = PBXBuildFile; fileRef = E92393CB25C99130006931B9 /* QuizViewController.swift */; };
		E92393D225C99131006931B9 /* QuizInteractor.swift in Sources */ = {isa = PBXBuildFile; fileRef = E92393CC25C99130006931B9 /* QuizInteractor.swift */; };
		E92393E325CACCA3006931B9 /* QuizViewControllerTests.swift in Sources */ = {isa = PBXBuildFile; fileRef = E92393DF25CACCA3006931B9 /* QuizViewControllerTests.swift */; };
		E92393E425CACCA3006931B9 /* QuizInteractorTests.swift in Sources */ = {isa = PBXBuildFile; fileRef = E92393E025CACCA3006931B9 /* QuizInteractorTests.swift */; };
		E92393E525CACCA3006931B9 /* QuizWorkerTests.swift in Sources */ = {isa = PBXBuildFile; fileRef = E92393E125CACCA3006931B9 /* QuizWorkerTests.swift */; };
		E92393E625CACCA3006931B9 /* QuizPresenterTests.swift in Sources */ = {isa = PBXBuildFile; fileRef = E92393E225CACCA3006931B9 /* QuizPresenterTests.swift */; };
		E92393F925CAD8FC006931B9 /* QuestionModel.swift in Sources */ = {isa = PBXBuildFile; fileRef = E92393F825CAD8FC006931B9 /* QuestionModel.swift */; };
		E95FEE0425D6A26B00A1BDD3 /* EndScreenViewControllerTests.swift in Sources */ = {isa = PBXBuildFile; fileRef = E95FEE0025D6A26B00A1BDD3 /* EndScreenViewControllerTests.swift */; };
		E95FEE0525D6A26B00A1BDD3 /* EndScreenInteractorTests.swift in Sources */ = {isa = PBXBuildFile; fileRef = E95FEE0125D6A26B00A1BDD3 /* EndScreenInteractorTests.swift */; };
		E95FEE0725D6A26B00A1BDD3 /* EndScreenPresenterTests.swift in Sources */ = {isa = PBXBuildFile; fileRef = E95FEE0325D6A26B00A1BDD3 /* EndScreenPresenterTests.swift */; };
		E95FEE1425D6A29700A1BDD3 /* StartViewControllerTests.swift in Sources */ = {isa = PBXBuildFile; fileRef = E95FEE1025D6A29700A1BDD3 /* StartViewControllerTests.swift */; };
		E95FEE1525D6A29700A1BDD3 /* StartInteractorTests.swift in Sources */ = {isa = PBXBuildFile; fileRef = E95FEE1125D6A29700A1BDD3 /* StartInteractorTests.swift */; };
		E978861625CC226C00D30722 /* QuizViewController.xib in Resources */ = {isa = PBXBuildFile; fileRef = E978861525CC226C00D30722 /* QuizViewController.xib */; };
		E98BB0BF25CD7C73005D4F8E /* QuizCoreDataWorker.swift in Sources */ = {isa = PBXBuildFile; fileRef = E98BB0BE25CD7C73005D4F8E /* QuizCoreDataWorker.swift */; };
		E98D184425D2BCA7007DC2BB /* StringExtension.swift in Sources */ = {isa = PBXBuildFile; fileRef = E98D184325D2BCA7007DC2BB /* StringExtension.swift */; };
		E98D184A25D2C32A007DC2BB /* QuestionCell.swift in Sources */ = {isa = PBXBuildFile; fileRef = E98D184925D2C32A007DC2BB /* QuestionCell.swift */; };
		E98E977825D173E400FD6B78 /* UIColorExtension.swift in Sources */ = {isa = PBXBuildFile; fileRef = E98E977725D173E400FD6B78 /* UIColorExtension.swift */; };
		E98E978D25D1763100FD6B78 /* StartRouter.swift in Sources */ = {isa = PBXBuildFile; fileRef = E98E978725D1763100FD6B78 /* StartRouter.swift */; };
		E98E978E25D1763100FD6B78 /* StartModels.swift in Sources */ = {isa = PBXBuildFile; fileRef = E98E978825D1763100FD6B78 /* StartModels.swift */; };
		E98E978F25D1763100FD6B78 /* StartViewController.swift in Sources */ = {isa = PBXBuildFile; fileRef = E98E978925D1763100FD6B78 /* StartViewController.swift */; };
		E98E979025D1763100FD6B78 /* StartInteractor.swift in Sources */ = {isa = PBXBuildFile; fileRef = E98E978A25D1763100FD6B78 /* StartInteractor.swift */; };
		E98E979525D176AA00FD6B78 /* StartViewController.xib in Resources */ = {isa = PBXBuildFile; fileRef = E98E979425D176AA00FD6B78 /* StartViewController.xib */; };
		E9C2D9FF25D6BC8A00FB503D /* EndScreenRouter.swift in Sources */ = {isa = PBXBuildFile; fileRef = E9C2D9FE25D6BC8A00FB503D /* EndScreenRouter.swift */; };
		E9F1E3D125D41378004E0684 /* EndScreenPresenter.swift in Sources */ = {isa = PBXBuildFile; fileRef = E9F1E3CB25D41378004E0684 /* EndScreenPresenter.swift */; };
		E9F1E3D425D41378004E0684 /* EndScreenModels.swift in Sources */ = {isa = PBXBuildFile; fileRef = E9F1E3CE25D41378004E0684 /* EndScreenModels.swift */; };
		E9F1E3D525D41378004E0684 /* EndScreenViewController.swift in Sources */ = {isa = PBXBuildFile; fileRef = E9F1E3CF25D41378004E0684 /* EndScreenViewController.swift */; };
		E9F1E3D625D41378004E0684 /* EndScreenInteractor.swift in Sources */ = {isa = PBXBuildFile; fileRef = E9F1E3D025D41378004E0684 /* EndScreenInteractor.swift */; };
		E9F1E3DB25D41A48004E0684 /* EndScreenViewController.xib in Resources */ = {isa = PBXBuildFile; fileRef = E9F1E3DA25D41A48004E0684 /* EndScreenViewController.xib */; };
/* End PBXBuildFile section */

/* Begin PBXContainerItemProxy section */
		E923939625C988D2006931B9 /* PBXContainerItemProxy */ = {
			isa = PBXContainerItemProxy;
			containerPortal = E923937425C988CF006931B9 /* Project object */;
			proxyType = 1;
			remoteGlobalIDString = E923937B25C988CF006931B9;
			remoteInfo = QuizZap;
		};
		E92393A125C988D2006931B9 /* PBXContainerItemProxy */ = {
			isa = PBXContainerItemProxy;
			containerPortal = E923937425C988CF006931B9 /* Project object */;
			proxyType = 1;
			remoteGlobalIDString = E923937B25C988CF006931B9;
			remoteInfo = QuizZap;
		};
/* End PBXContainerItemProxy section */

/* Begin PBXFileReference section */
		E923937C25C988CF006931B9 /* QuizZap.app */ = {isa = PBXFileReference; explicitFileType = wrapper.application; includeInIndex = 0; path = QuizZap.app; sourceTree = BUILT_PRODUCTS_DIR; };
		E923937F25C988CF006931B9 /* AppDelegate.swift */ = {isa = PBXFileReference; lastKnownFileType = sourcecode.swift; path = AppDelegate.swift; sourceTree = "<group>"; };
		E923938125C988CF006931B9 /* SceneDelegate.swift */ = {isa = PBXFileReference; lastKnownFileType = sourcecode.swift; path = SceneDelegate.swift; sourceTree = "<group>"; };
		E923938925C988CF006931B9 /* QuizZap.xcdatamodel */ = {isa = PBXFileReference; lastKnownFileType = wrapper.xcdatamodel; path = QuizZap.xcdatamodel; sourceTree = "<group>"; };
		E923938B25C988D1006931B9 /* Assets.xcassets */ = {isa = PBXFileReference; lastKnownFileType = folder.assetcatalog; path = Assets.xcassets; sourceTree = "<group>"; };
		E923938E25C988D1006931B9 /* Base */ = {isa = PBXFileReference; lastKnownFileType = file.storyboard; name = Base; path = Base.lproj/LaunchScreen.storyboard; sourceTree = "<group>"; };
		E923939025C988D1006931B9 /* Info.plist */ = {isa = PBXFileReference; lastKnownFileType = text.plist.xml; path = Info.plist; sourceTree = "<group>"; };
		E923939525C988D2006931B9 /* QuizZapTests.xctest */ = {isa = PBXFileReference; explicitFileType = wrapper.cfbundle; includeInIndex = 0; path = QuizZapTests.xctest; sourceTree = BUILT_PRODUCTS_DIR; };
		E923939925C988D2006931B9 /* QuizZapTests.swift */ = {isa = PBXFileReference; lastKnownFileType = sourcecode.swift; path = QuizZapTests.swift; sourceTree = "<group>"; };
		E923939B25C988D2006931B9 /* Info.plist */ = {isa = PBXFileReference; lastKnownFileType = text.plist.xml; path = Info.plist; sourceTree = "<group>"; };
		E92393A025C988D2006931B9 /* QuizZapUITests.xctest */ = {isa = PBXFileReference; explicitFileType = wrapper.cfbundle; includeInIndex = 0; path = QuizZapUITests.xctest; sourceTree = BUILT_PRODUCTS_DIR; };
		E92393A425C988D2006931B9 /* QuizZapUITests.swift */ = {isa = PBXFileReference; lastKnownFileType = sourcecode.swift; path = QuizZapUITests.swift; sourceTree = "<group>"; };
		E92393A625C988D2006931B9 /* Info.plist */ = {isa = PBXFileReference; lastKnownFileType = text.plist.xml; path = Info.plist; sourceTree = "<group>"; };
		E92393C725C99130006931B9 /* QuizPresenter.swift */ = {isa = PBXFileReference; lastKnownFileType = sourcecode.swift; path = QuizPresenter.swift; sourceTree = "<group>"; };
		E92393C825C99130006931B9 /* QuizAPIWorker.swift */ = {isa = PBXFileReference; lastKnownFileType = sourcecode.swift; path = QuizAPIWorker.swift; sourceTree = "<group>"; };
		E92393C925C99130006931B9 /* QuizRouter.swift */ = {isa = PBXFileReference; lastKnownFileType = sourcecode.swift; path = QuizRouter.swift; sourceTree = "<group>"; };
		E92393CA25C99130006931B9 /* QuizModels.swift */ = {isa = PBXFileReference; lastKnownFileType = sourcecode.swift; path = QuizModels.swift; sourceTree = "<group>"; };
		E92393CB25C99130006931B9 /* QuizViewController.swift */ = {isa = PBXFileReference; lastKnownFileType = sourcecode.swift; path = QuizViewController.swift; sourceTree = "<group>"; };
		E92393CC25C99130006931B9 /* QuizInteractor.swift */ = {isa = PBXFileReference; lastKnownFileType = sourcecode.swift; path = QuizInteractor.swift; sourceTree = "<group>"; };
		E92393DF25CACCA3006931B9 /* QuizViewControllerTests.swift */ = {isa = PBXFileReference; lastKnownFileType = sourcecode.swift; path = QuizViewControllerTests.swift; sourceTree = "<group>"; };
		E92393E025CACCA3006931B9 /* QuizInteractorTests.swift */ = {isa = PBXFileReference; lastKnownFileType = sourcecode.swift; path = QuizInteractorTests.swift; sourceTree = "<group>"; };
		E92393E125CACCA3006931B9 /* QuizWorkerTests.swift */ = {isa = PBXFileReference; lastKnownFileType = sourcecode.swift; path = QuizWorkerTests.swift; sourceTree = "<group>"; };
		E92393E225CACCA3006931B9 /* QuizPresenterTests.swift */ = {isa = PBXFileReference; lastKnownFileType = sourcecode.swift; path = QuizPresenterTests.swift; sourceTree = "<group>"; };
		E92393F825CAD8FC006931B9 /* QuestionModel.swift */ = {isa = PBXFileReference; lastKnownFileType = sourcecode.swift; path = QuestionModel.swift; sourceTree = "<group>"; };
		E95FEE0025D6A26B00A1BDD3 /* EndScreenViewControllerTests.swift */ = {isa = PBXFileReference; lastKnownFileType = sourcecode.swift; path = EndScreenViewControllerTests.swift; sourceTree = "<group>"; };
		E95FEE0125D6A26B00A1BDD3 /* EndScreenInteractorTests.swift */ = {isa = PBXFileReference; lastKnownFileType = sourcecode.swift; path = EndScreenInteractorTests.swift; sourceTree = "<group>"; };
		E95FEE0325D6A26B00A1BDD3 /* EndScreenPresenterTests.swift */ = {isa = PBXFileReference; lastKnownFileType = sourcecode.swift; path = EndScreenPresenterTests.swift; sourceTree = "<group>"; };
		E95FEE1025D6A29700A1BDD3 /* StartViewControllerTests.swift */ = {isa = PBXFileReference; lastKnownFileType = sourcecode.swift; path = StartViewControllerTests.swift; sourceTree = "<group>"; };
		E95FEE1125D6A29700A1BDD3 /* StartInteractorTests.swift */ = {isa = PBXFileReference; lastKnownFileType = sourcecode.swift; path = StartInteractorTests.swift; sourceTree = "<group>"; };
		E978861525CC226C00D30722 /* QuizViewController.xib */ = {isa = PBXFileReference; lastKnownFileType = file.xib; path = QuizViewController.xib; sourceTree = "<group>"; };
		E98BB0BE25CD7C73005D4F8E /* QuizCoreDataWorker.swift */ = {isa = PBXFileReference; lastKnownFileType = sourcecode.swift; path = QuizCoreDataWorker.swift; sourceTree = "<group>"; };
		E98D184325D2BCA7007DC2BB /* StringExtension.swift */ = {isa = PBXFileReference; lastKnownFileType = sourcecode.swift; path = StringExtension.swift; sourceTree = "<group>"; };
		E98D184925D2C32A007DC2BB /* QuestionCell.swift */ = {isa = PBXFileReference; lastKnownFileType = sourcecode.swift; path = QuestionCell.swift; sourceTree = "<group>"; };
		E98E977725D173E400FD6B78 /* UIColorExtension.swift */ = {isa = PBXFileReference; lastKnownFileType = sourcecode.swift; path = UIColorExtension.swift; sourceTree = "<group>"; };
		E98E978725D1763100FD6B78 /* StartRouter.swift */ = {isa = PBXFileReference; lastKnownFileType = sourcecode.swift; path = StartRouter.swift; sourceTree = "<group>"; };
		E98E978825D1763100FD6B78 /* StartModels.swift */ = {isa = PBXFileReference; lastKnownFileType = sourcecode.swift; path = StartModels.swift; sourceTree = "<group>"; };
		E98E978925D1763100FD6B78 /* StartViewController.swift */ = {isa = PBXFileReference; lastKnownFileType = sourcecode.swift; path = StartViewController.swift; sourceTree = "<group>"; };
		E98E978A25D1763100FD6B78 /* StartInteractor.swift */ = {isa = PBXFileReference; lastKnownFileType = sourcecode.swift; path = StartInteractor.swift; sourceTree = "<group>"; };
		E98E979425D176AA00FD6B78 /* StartViewController.xib */ = {isa = PBXFileReference; lastKnownFileType = file.xib; path = StartViewController.xib; sourceTree = "<group>"; };
		E9C2D9FE25D6BC8A00FB503D /* EndScreenRouter.swift */ = {isa = PBXFileReference; fileEncoding = 4; lastKnownFileType = sourcecode.swift; path = EndScreenRouter.swift; sourceTree = "<group>"; };
		E9F1E3CB25D41378004E0684 /* EndScreenPresenter.swift */ = {isa = PBXFileReference; lastKnownFileType = sourcecode.swift; path = EndScreenPresenter.swift; sourceTree = "<group>"; };
		E9F1E3CE25D41378004E0684 /* EndScreenModels.swift */ = {isa = PBXFileReference; lastKnownFileType = sourcecode.swift; path = EndScreenModels.swift; sourceTree = "<group>"; };
		E9F1E3CF25D41378004E0684 /* EndScreenViewController.swift */ = {isa = PBXFileReference; lastKnownFileType = sourcecode.swift; path = EndScreenViewController.swift; sourceTree = "<group>"; };
		E9F1E3D025D41378004E0684 /* EndScreenInteractor.swift */ = {isa = PBXFileReference; lastKnownFileType = sourcecode.swift; path = EndScreenInteractor.swift; sourceTree = "<group>"; };
		E9F1E3DA25D41A48004E0684 /* EndScreenViewController.xib */ = {isa = PBXFileReference; lastKnownFileType = file.xib; path = EndScreenViewController.xib; sourceTree = "<group>"; };
/* End PBXFileReference section */

/* Begin PBXFrameworksBuildPhase section */
		E923937925C988CF006931B9 /* Frameworks */ = {
			isa = PBXFrameworksBuildPhase;
			buildActionMask = 2147483647;
			files = (
			);
			runOnlyForDeploymentPostprocessing = 0;
		};
		E923939225C988D2006931B9 /* Frameworks */ = {
			isa = PBXFrameworksBuildPhase;
			buildActionMask = 2147483647;
			files = (
			);
			runOnlyForDeploymentPostprocessing = 0;
		};
		E923939D25C988D2006931B9 /* Frameworks */ = {
			isa = PBXFrameworksBuildPhase;
			buildActionMask = 2147483647;
			files = (
			);
			runOnlyForDeploymentPostprocessing = 0;
		};
/* End PBXFrameworksBuildPhase section */

/* Begin PBXGroup section */
		E923937325C988CF006931B9 = {
			isa = PBXGroup;
			children = (
				E923937E25C988CF006931B9 /* QuizZap */,
				E923939825C988D2006931B9 /* QuizZapTests */,
				E92393A325C988D2006931B9 /* QuizZapUITests */,
				E923937D25C988CF006931B9 /* Products */,
			);
			sourceTree = "<group>";
		};
		E923937D25C988CF006931B9 /* Products */ = {
			isa = PBXGroup;
			children = (
				E923937C25C988CF006931B9 /* QuizZap.app */,
				E923939525C988D2006931B9 /* QuizZapTests.xctest */,
				E92393A025C988D2006931B9 /* QuizZapUITests.xctest */,
			);
			name = Products;
			sourceTree = "<group>";
		};
		E923937E25C988CF006931B9 /* QuizZap */ = {
			isa = PBXGroup;
			children = (
				E98E977C25D1759C00FD6B78 /* Scenes */,
				E98E977625D173D600FD6B78 /* Extensions */,
				E92393EB25CAD5BB006931B9 /* Workers */,
				E92393D925CAC917006931B9 /* Shared */,
				E923939025C988D1006931B9 /* Info.plist */,
				E923938825C988CF006931B9 /* QuizZap.xcdatamodeld */,
			);
			path = QuizZap;
			sourceTree = "<group>";
		};
		E923939825C988D2006931B9 /* QuizZapTests */ = {
			isa = PBXGroup;
			children = (
				E95FEE0F25D6A28400A1BDD3 /* StartScreen */,
				E95FEE0E25D6A27100A1BDD3 /* Quiz */,
				E95FEDFF25D6A25600A1BDD3 /* EndScreen */,
				E923939B25C988D2006931B9 /* Info.plist */,
			);
			path = QuizZapTests;
			sourceTree = "<group>";
		};
		E92393A325C988D2006931B9 /* QuizZapUITests */ = {
			isa = PBXGroup;
			children = (
				E92393A425C988D2006931B9 /* QuizZapUITests.swift */,
				E92393A625C988D2006931B9 /* Info.plist */,
			);
			path = QuizZapUITests;
			sourceTree = "<group>";
		};
		E92393D925CAC917006931B9 /* Shared */ = {
			isa = PBXGroup;
			children = (
				E923938D25C988D1006931B9 /* LaunchScreen.storyboard */,
				E923938B25C988D1006931B9 /* Assets.xcassets */,
				E923937F25C988CF006931B9 /* AppDelegate.swift */,
				E923938125C988CF006931B9 /* SceneDelegate.swift */,
			);
			path = Shared;
			sourceTree = "<group>";
		};
		E92393EB25CAD5BB006931B9 /* Workers */ = {
			isa = PBXGroup;
			children = (
				E92393C825C99130006931B9 /* QuizAPIWorker.swift */,
				E98BB0BE25CD7C73005D4F8E /* QuizCoreDataWorker.swift */,
			);
			path = Workers;
			sourceTree = "<group>";
		};
		E95FEDFF25D6A25600A1BDD3 /* EndScreen */ = {
			isa = PBXGroup;
			children = (
				E95FEE0025D6A26B00A1BDD3 /* EndScreenViewControllerTests.swift */,
				E95FEE0125D6A26B00A1BDD3 /* EndScreenInteractorTests.swift */,
				E95FEE0325D6A26B00A1BDD3 /* EndScreenPresenterTests.swift */,
			);
			path = EndScreen;
			sourceTree = "<group>";
		};
		E95FEE0E25D6A27100A1BDD3 /* Quiz */ = {
			isa = PBXGroup;
			children = (
				E923939925C988D2006931B9 /* QuizZapTests.swift */,
				E92393DF25CACCA3006931B9 /* QuizViewControllerTests.swift */,
				E92393E025CACCA3006931B9 /* QuizInteractorTests.swift */,
				E92393E125CACCA3006931B9 /* QuizWorkerTests.swift */,
				E92393E225CACCA3006931B9 /* QuizPresenterTests.swift */,
			);
			path = Quiz;
			sourceTree = "<group>";
		};
		E95FEE0F25D6A28400A1BDD3 /* StartScreen */ = {
			isa = PBXGroup;
			children = (
				E95FEE1025D6A29700A1BDD3 /* StartViewControllerTests.swift */,
				E95FEE1125D6A29700A1BDD3 /* StartInteractorTests.swift */,
			);
			path = StartScreen;
			sourceTree = "<group>";
		};
		E98E977625D173D600FD6B78 /* Extensions */ = {
			isa = PBXGroup;
			children = (
				E98E977725D173E400FD6B78 /* UIColorExtension.swift */,
				E98D184325D2BCA7007DC2BB /* StringExtension.swift */,
			);
			path = Extensions;
			sourceTree = "<group>";
		};
		E98E977C25D1759C00FD6B78 /* Scenes */ = {
			isa = PBXGroup;
			children = (
				E9F1E3CA25D41352004E0684 /* EndScreen */,
				E98E977D25D175A400FD6B78 /* Quiz */,
				E98E978425D1761A00FD6B78 /* StartScreen */,
			);
			path = Scenes;
			sourceTree = "<group>";
		};
		E98E977D25D175A400FD6B78 /* Quiz */ = {
			isa = PBXGroup;
			children = (
				E92393C925C99130006931B9 /* QuizRouter.swift */,
				E92393CC25C99130006931B9 /* QuizInteractor.swift */,
				E92393C725C99130006931B9 /* QuizPresenter.swift */,
				E92393CA25C99130006931B9 /* QuizModels.swift */,
				E92393F825CAD8FC006931B9 /* QuestionModel.swift */,
				E98D184925D2C32A007DC2BB /* QuestionCell.swift */,
				E92393CB25C99130006931B9 /* QuizViewController.swift */,
				E978861525CC226C00D30722 /* QuizViewController.xib */,
			);
			path = Quiz;
			sourceTree = "<group>";
		};
		E98E978425D1761A00FD6B78 /* StartScreen */ = {
			isa = PBXGroup;
			children = (
				E98E978725D1763100FD6B78 /* StartRouter.swift */,
				E98E978825D1763100FD6B78 /* StartModels.swift */,
				E98E978925D1763100FD6B78 /* StartViewController.swift */,
				E98E978A25D1763100FD6B78 /* StartInteractor.swift */,
				E98E979425D176AA00FD6B78 /* StartViewController.xib */,
			);
			path = StartScreen;
			sourceTree = "<group>";
		};
		E9F1E3CA25D41352004E0684 /* EndScreen */ = {
			isa = PBXGroup;
			children = (
				E9F1E3CB25D41378004E0684 /* EndScreenPresenter.swift */,
				E9F1E3CE25D41378004E0684 /* EndScreenModels.swift */,
				E9C2D9FE25D6BC8A00FB503D /* EndScreenRouter.swift */,
				E9F1E3D025D41378004E0684 /* EndScreenInteractor.swift */,
				E9F1E3CF25D41378004E0684 /* EndScreenViewController.swift */,
				E9F1E3DA25D41A48004E0684 /* EndScreenViewController.xib */,
			);
			path = EndScreen;
			sourceTree = "<group>";
		};
/* End PBXGroup section */

/* Begin PBXNativeTarget section */
		E923937B25C988CF006931B9 /* QuizZap */ = {
			isa = PBXNativeTarget;
			buildConfigurationList = E92393A925C988D2006931B9 /* Build configuration list for PBXNativeTarget "QuizZap" */;
			buildPhases = (
				E923937825C988CF006931B9 /* Sources */,
				E923937925C988CF006931B9 /* Frameworks */,
				E923937A25C988CF006931B9 /* Resources */,
			);
			buildRules = (
			);
			dependencies = (
			);
			name = QuizZap;
			productName = QuizZap;
			productReference = E923937C25C988CF006931B9 /* QuizZap.app */;
			productType = "com.apple.product-type.application";
		};
		E923939425C988D2006931B9 /* QuizZapTests */ = {
			isa = PBXNativeTarget;
			buildConfigurationList = E92393AC25C988D2006931B9 /* Build configuration list for PBXNativeTarget "QuizZapTests" */;
			buildPhases = (
				E923939125C988D2006931B9 /* Sources */,
				E923939225C988D2006931B9 /* Frameworks */,
				E923939325C988D2006931B9 /* Resources */,
			);
			buildRules = (
			);
			dependencies = (
				E923939725C988D2006931B9 /* PBXTargetDependency */,
			);
			name = QuizZapTests;
			productName = QuizZapTests;
			productReference = E923939525C988D2006931B9 /* QuizZapTests.xctest */;
			productType = "com.apple.product-type.bundle.unit-test";
		};
		E923939F25C988D2006931B9 /* QuizZapUITests */ = {
			isa = PBXNativeTarget;
			buildConfigurationList = E92393AF25C988D2006931B9 /* Build configuration list for PBXNativeTarget "QuizZapUITests" */;
			buildPhases = (
				E923939C25C988D2006931B9 /* Sources */,
				E923939D25C988D2006931B9 /* Frameworks */,
				E923939E25C988D2006931B9 /* Resources */,
			);
			buildRules = (
			);
			dependencies = (
				E92393A225C988D2006931B9 /* PBXTargetDependency */,
			);
			name = QuizZapUITests;
			productName = QuizZapUITests;
			productReference = E92393A025C988D2006931B9 /* QuizZapUITests.xctest */;
			productType = "com.apple.product-type.bundle.ui-testing";
		};
/* End PBXNativeTarget section */

/* Begin PBXProject section */
		E923937425C988CF006931B9 /* Project object */ = {
			isa = PBXProject;
			attributes = {
				LastSwiftUpdateCheck = 1240;
				LastUpgradeCheck = 1240;
				TargetAttributes = {
					E923937B25C988CF006931B9 = {
						CreatedOnToolsVersion = 12.4;
					};
					E923939425C988D2006931B9 = {
						CreatedOnToolsVersion = 12.4;
						TestTargetID = E923937B25C988CF006931B9;
					};
					E923939F25C988D2006931B9 = {
						CreatedOnToolsVersion = 12.4;
						TestTargetID = E923937B25C988CF006931B9;
					};
				};
			};
			buildConfigurationList = E923937725C988CF006931B9 /* Build configuration list for PBXProject "QuizZap" */;
			compatibilityVersion = "Xcode 9.3";
			developmentRegion = en;
			hasScannedForEncodings = 0;
			knownRegions = (
				en,
				Base,
			);
			mainGroup = E923937325C988CF006931B9;
			productRefGroup = E923937D25C988CF006931B9 /* Products */;
			projectDirPath = "";
			projectRoot = "";
			targets = (
				E923937B25C988CF006931B9 /* QuizZap */,
				E923939425C988D2006931B9 /* QuizZapTests */,
				E923939F25C988D2006931B9 /* QuizZapUITests */,
			);
		};
/* End PBXProject section */

/* Begin PBXResourcesBuildPhase section */
		E923937A25C988CF006931B9 /* Resources */ = {
			isa = PBXResourcesBuildPhase;
			buildActionMask = 2147483647;
			files = (
				E9F1E3DB25D41A48004E0684 /* EndScreenViewController.xib in Resources */,
				E923938F25C988D1006931B9 /* LaunchScreen.storyboard in Resources */,
				E98E979525D176AA00FD6B78 /* StartViewController.xib in Resources */,
				E923938C25C988D1006931B9 /* Assets.xcassets in Resources */,
				E978861625CC226C00D30722 /* QuizViewController.xib in Resources */,
			);
			runOnlyForDeploymentPostprocessing = 0;
		};
		E923939325C988D2006931B9 /* Resources */ = {
			isa = PBXResourcesBuildPhase;
			buildActionMask = 2147483647;
			files = (
			);
			runOnlyForDeploymentPostprocessing = 0;
		};
		E923939E25C988D2006931B9 /* Resources */ = {
			isa = PBXResourcesBuildPhase;
			buildActionMask = 2147483647;
			files = (
			);
			runOnlyForDeploymentPostprocessing = 0;
		};
/* End PBXResourcesBuildPhase section */

/* Begin PBXSourcesBuildPhase section */
		E923937825C988CF006931B9 /* Sources */ = {
			isa = PBXSourcesBuildPhase;
			buildActionMask = 2147483647;
			files = (
				E92393D025C99131006931B9 /* QuizModels.swift in Sources */,
				E9F1E3D125D41378004E0684 /* EndScreenPresenter.swift in Sources */,
				E92393F925CAD8FC006931B9 /* QuestionModel.swift in Sources */,
				E923938A25C988CF006931B9 /* QuizZap.xcdatamodeld in Sources */,
				E923938025C988CF006931B9 /* AppDelegate.swift in Sources */,
				E92393CF25C99130006931B9 /* QuizRouter.swift in Sources */,
				E92393CD25C99130006931B9 /* QuizPresenter.swift in Sources */,
				E98BB0BF25CD7C73005D4F8E /* QuizCoreDataWorker.swift in Sources */,
				E9F1E3D625D41378004E0684 /* EndScreenInteractor.swift in Sources */,
				E98D184A25D2C32A007DC2BB /* QuestionCell.swift in Sources */,
				E92393D125C99131006931B9 /* QuizViewController.swift in Sources */,
				E98E978F25D1763100FD6B78 /* StartViewController.swift in Sources */,
				E9F1E3D525D41378004E0684 /* EndScreenViewController.swift in Sources */,
				E9C2D9FF25D6BC8A00FB503D /* EndScreenRouter.swift in Sources */,
				E98E978D25D1763100FD6B78 /* StartRouter.swift in Sources */,
				E92393D225C99131006931B9 /* QuizInteractor.swift in Sources */,
				E98E979025D1763100FD6B78 /* StartInteractor.swift in Sources */,
				E92393CE25C99130006931B9 /* QuizAPIWorker.swift in Sources */,
				E9F1E3D425D41378004E0684 /* EndScreenModels.swift in Sources */,
				E923938225C988CF006931B9 /* SceneDelegate.swift in Sources */,
				E98D184425D2BCA7007DC2BB /* StringExtension.swift in Sources */,
				E98E978E25D1763100FD6B78 /* StartModels.swift in Sources */,
				E98E977825D173E400FD6B78 /* UIColorExtension.swift in Sources */,
			);
			runOnlyForDeploymentPostprocessing = 0;
		};
		E923939125C988D2006931B9 /* Sources */ = {
			isa = PBXSourcesBuildPhase;
			buildActionMask = 2147483647;
			files = (
				E95FEE0525D6A26B00A1BDD3 /* EndScreenInteractorTests.swift in Sources */,
				E95FEE1425D6A29700A1BDD3 /* StartViewControllerTests.swift in Sources */,
				E95FEE0725D6A26B00A1BDD3 /* EndScreenPresenterTests.swift in Sources */,
				E95FEE0425D6A26B00A1BDD3 /* EndScreenViewControllerTests.swift in Sources */,
				E92393E625CACCA3006931B9 /* QuizPresenterTests.swift in Sources */,
				E95FEE1525D6A29700A1BDD3 /* StartInteractorTests.swift in Sources */,
				E92393E425CACCA3006931B9 /* QuizInteractorTests.swift in Sources */,
				E923939A25C988D2006931B9 /* QuizZapTests.swift in Sources */,
				E92393E525CACCA3006931B9 /* QuizWorkerTests.swift in Sources */,
				E92393E325CACCA3006931B9 /* QuizViewControllerTests.swift in Sources */,
			);
			runOnlyForDeploymentPostprocessing = 0;
		};
		E923939C25C988D2006931B9 /* Sources */ = {
			isa = PBXSourcesBuildPhase;
			buildActionMask = 2147483647;
			files = (
				E92393A525C988D2006931B9 /* QuizZapUITests.swift in Sources */,
			);
			runOnlyForDeploymentPostprocessing = 0;
		};
/* End PBXSourcesBuildPhase section */

/* Begin PBXTargetDependency section */
		E923939725C988D2006931B9 /* PBXTargetDependency */ = {
			isa = PBXTargetDependency;
			target = E923937B25C988CF006931B9 /* QuizZap */;
			targetProxy = E923939625C988D2006931B9 /* PBXContainerItemProxy */;
		};
		E92393A225C988D2006931B9 /* PBXTargetDependency */ = {
			isa = PBXTargetDependency;
			target = E923937B25C988CF006931B9 /* QuizZap */;
			targetProxy = E92393A125C988D2006931B9 /* PBXContainerItemProxy */;
		};
/* End PBXTargetDependency section */

/* Begin PBXVariantGroup section */
		E923938D25C988D1006931B9 /* LaunchScreen.storyboard */ = {
			isa = PBXVariantGroup;
			children = (
				E923938E25C988D1006931B9 /* Base */,
			);
			name = LaunchScreen.storyboard;
			sourceTree = "<group>";
		};
/* End PBXVariantGroup section */

/* Begin XCBuildConfiguration section */
		E92393A725C988D2006931B9 /* Debug */ = {
			isa = XCBuildConfiguration;
			buildSettings = {
				ALWAYS_SEARCH_USER_PATHS = NO;
				CLANG_ANALYZER_NONNULL = YES;
				CLANG_ANALYZER_NUMBER_OBJECT_CONVERSION = YES_AGGRESSIVE;
				CLANG_CXX_LANGUAGE_STANDARD = "gnu++14";
				CLANG_CXX_LIBRARY = "libc++";
				CLANG_ENABLE_MODULES = YES;
				CLANG_ENABLE_OBJC_ARC = YES;
				CLANG_ENABLE_OBJC_WEAK = YES;
				CLANG_WARN_BLOCK_CAPTURE_AUTORELEASING = YES;
				CLANG_WARN_BOOL_CONVERSION = YES;
				CLANG_WARN_COMMA = YES;
				CLANG_WARN_CONSTANT_CONVERSION = YES;
				CLANG_WARN_DEPRECATED_OBJC_IMPLEMENTATIONS = YES;
				CLANG_WARN_DIRECT_OBJC_ISA_USAGE = YES_ERROR;
				CLANG_WARN_DOCUMENTATION_COMMENTS = YES;
				CLANG_WARN_EMPTY_BODY = YES;
				CLANG_WARN_ENUM_CONVERSION = YES;
				CLANG_WARN_INFINITE_RECURSION = YES;
				CLANG_WARN_INT_CONVERSION = YES;
				CLANG_WARN_NON_LITERAL_NULL_CONVERSION = YES;
				CLANG_WARN_OBJC_IMPLICIT_RETAIN_SELF = YES;
				CLANG_WARN_OBJC_LITERAL_CONVERSION = YES;
				CLANG_WARN_OBJC_ROOT_CLASS = YES_ERROR;
				CLANG_WARN_QUOTED_INCLUDE_IN_FRAMEWORK_HEADER = YES;
				CLANG_WARN_RANGE_LOOP_ANALYSIS = YES;
				CLANG_WARN_STRICT_PROTOTYPES = YES;
				CLANG_WARN_SUSPICIOUS_MOVE = YES;
				CLANG_WARN_UNGUARDED_AVAILABILITY = YES_AGGRESSIVE;
				CLANG_WARN_UNREACHABLE_CODE = YES;
				CLANG_WARN__DUPLICATE_METHOD_MATCH = YES;
				COPY_PHASE_STRIP = NO;
				DEBUG_INFORMATION_FORMAT = dwarf;
				ENABLE_STRICT_OBJC_MSGSEND = YES;
				ENABLE_TESTABILITY = YES;
				GCC_C_LANGUAGE_STANDARD = gnu11;
				GCC_DYNAMIC_NO_PIC = NO;
				GCC_NO_COMMON_BLOCKS = YES;
				GCC_OPTIMIZATION_LEVEL = 0;
				GCC_PREPROCESSOR_DEFINITIONS = (
					"DEBUG=1",
					"$(inherited)",
				);
				GCC_WARN_64_TO_32_BIT_CONVERSION = YES;
				GCC_WARN_ABOUT_RETURN_TYPE = YES_ERROR;
				GCC_WARN_UNDECLARED_SELECTOR = YES;
				GCC_WARN_UNINITIALIZED_AUTOS = YES_AGGRESSIVE;
				GCC_WARN_UNUSED_FUNCTION = YES;
				GCC_WARN_UNUSED_VARIABLE = YES;
				IPHONEOS_DEPLOYMENT_TARGET = 14.4;
				MTL_ENABLE_DEBUG_INFO = INCLUDE_SOURCE;
				MTL_FAST_MATH = YES;
				ONLY_ACTIVE_ARCH = YES;
				SDKROOT = iphoneos;
				SWIFT_ACTIVE_COMPILATION_CONDITIONS = DEBUG;
				SWIFT_OPTIMIZATION_LEVEL = "-Onone";
			};
			name = Debug;
		};
		E92393A825C988D2006931B9 /* Release */ = {
			isa = XCBuildConfiguration;
			buildSettings = {
				ALWAYS_SEARCH_USER_PATHS = NO;
				CLANG_ANALYZER_NONNULL = YES;
				CLANG_ANALYZER_NUMBER_OBJECT_CONVERSION = YES_AGGRESSIVE;
				CLANG_CXX_LANGUAGE_STANDARD = "gnu++14";
				CLANG_CXX_LIBRARY = "libc++";
				CLANG_ENABLE_MODULES = YES;
				CLANG_ENABLE_OBJC_ARC = YES;
				CLANG_ENABLE_OBJC_WEAK = YES;
				CLANG_WARN_BLOCK_CAPTURE_AUTORELEASING = YES;
				CLANG_WARN_BOOL_CONVERSION = YES;
				CLANG_WARN_COMMA = YES;
				CLANG_WARN_CONSTANT_CONVERSION = YES;
				CLANG_WARN_DEPRECATED_OBJC_IMPLEMENTATIONS = YES;
				CLANG_WARN_DIRECT_OBJC_ISA_USAGE = YES_ERROR;
				CLANG_WARN_DOCUMENTATION_COMMENTS = YES;
				CLANG_WARN_EMPTY_BODY = YES;
				CLANG_WARN_ENUM_CONVERSION = YES;
				CLANG_WARN_INFINITE_RECURSION = YES;
				CLANG_WARN_INT_CONVERSION = YES;
				CLANG_WARN_NON_LITERAL_NULL_CONVERSION = YES;
				CLANG_WARN_OBJC_IMPLICIT_RETAIN_SELF = YES;
				CLANG_WARN_OBJC_LITERAL_CONVERSION = YES;
				CLANG_WARN_OBJC_ROOT_CLASS = YES_ERROR;
				CLANG_WARN_QUOTED_INCLUDE_IN_FRAMEWORK_HEADER = YES;
				CLANG_WARN_RANGE_LOOP_ANALYSIS = YES;
				CLANG_WARN_STRICT_PROTOTYPES = YES;
				CLANG_WARN_SUSPICIOUS_MOVE = YES;
				CLANG_WARN_UNGUARDED_AVAILABILITY = YES_AGGRESSIVE;
				CLANG_WARN_UNREACHABLE_CODE = YES;
				CLANG_WARN__DUPLICATE_METHOD_MATCH = YES;
				COPY_PHASE_STRIP = NO;
				DEBUG_INFORMATION_FORMAT = "dwarf-with-dsym";
				ENABLE_NS_ASSERTIONS = NO;
				ENABLE_STRICT_OBJC_MSGSEND = YES;
				GCC_C_LANGUAGE_STANDARD = gnu11;
				GCC_NO_COMMON_BLOCKS = YES;
				GCC_WARN_64_TO_32_BIT_CONVERSION = YES;
				GCC_WARN_ABOUT_RETURN_TYPE = YES_ERROR;
				GCC_WARN_UNDECLARED_SELECTOR = YES;
				GCC_WARN_UNINITIALIZED_AUTOS = YES_AGGRESSIVE;
				GCC_WARN_UNUSED_FUNCTION = YES;
				GCC_WARN_UNUSED_VARIABLE = YES;
				IPHONEOS_DEPLOYMENT_TARGET = 14.4;
				MTL_ENABLE_DEBUG_INFO = NO;
				MTL_FAST_MATH = YES;
				SDKROOT = iphoneos;
				SWIFT_COMPILATION_MODE = wholemodule;
				SWIFT_OPTIMIZATION_LEVEL = "-O";
				VALIDATE_PRODUCT = YES;
			};
			name = Release;
		};
		E92393AA25C988D2006931B9 /* Debug */ = {
			isa = XCBuildConfiguration;
			buildSettings = {
				ASSETCATALOG_COMPILER_APPICON_NAME = AppIcon;
				ASSETCATALOG_COMPILER_GLOBAL_ACCENT_COLOR_NAME = AccentColor;
				CODE_SIGN_STYLE = Automatic;
				DEVELOPMENT_TEAM = BABNQ3LD22;
				INFOPLIST_FILE = QuizZap/Info.plist;
				IPHONEOS_DEPLOYMENT_TARGET = 14.1;
				LD_RUNPATH_SEARCH_PATHS = (
					"$(inherited)",
					"@executable_path/Frameworks",
				);
				PRODUCT_BUNDLE_IDENTIFIER = com.talesconrado.QuizZap;
				PRODUCT_NAME = "$(TARGET_NAME)";
				SWIFT_VERSION = 5.0;
				TARGETED_DEVICE_FAMILY = 1;
			};
			name = Debug;
		};
		E92393AB25C988D2006931B9 /* Release */ = {
			isa = XCBuildConfiguration;
			buildSettings = {
				ASSETCATALOG_COMPILER_APPICON_NAME = AppIcon;
				ASSETCATALOG_COMPILER_GLOBAL_ACCENT_COLOR_NAME = AccentColor;
				CODE_SIGN_STYLE = Automatic;
				DEVELOPMENT_TEAM = BABNQ3LD22;
				INFOPLIST_FILE = QuizZap/Info.plist;
				IPHONEOS_DEPLOYMENT_TARGET = 14.1;
				LD_RUNPATH_SEARCH_PATHS = (
					"$(inherited)",
					"@executable_path/Frameworks",
				);
				PRODUCT_BUNDLE_IDENTIFIER = com.talesconrado.QuizZap;
				PRODUCT_NAME = "$(TARGET_NAME)";
				SWIFT_VERSION = 5.0;
				TARGETED_DEVICE_FAMILY = 1;
			};
			name = Release;
		};
		E92393AD25C988D2006931B9 /* Debug */ = {
			isa = XCBuildConfiguration;
			buildSettings = {
				ALWAYS_EMBED_SWIFT_STANDARD_LIBRARIES = YES;
				BUNDLE_LOADER = "$(TEST_HOST)";
				CODE_SIGN_STYLE = Automatic;
				DEVELOPMENT_TEAM = BABNQ3LD22;
				INFOPLIST_FILE = QuizZapTests/Info.plist;
				IPHONEOS_DEPLOYMENT_TARGET = 14.4;
				LD_RUNPATH_SEARCH_PATHS = (
					"$(inherited)",
					"@executable_path/Frameworks",
					"@loader_path/Frameworks",
				);
				PRODUCT_BUNDLE_IDENTIFIER = com.talesconrado.QuizZapTests;
				PRODUCT_NAME = "$(TARGET_NAME)";
				SWIFT_VERSION = 5.0;
				TARGETED_DEVICE_FAMILY = "1,2";
				TEST_HOST = "$(BUILT_PRODUCTS_DIR)/QuizZap.app/QuizZap";
			};
			name = Debug;
		};
		E92393AE25C988D2006931B9 /* Release */ = {
			isa = XCBuildConfiguration;
			buildSettings = {
				ALWAYS_EMBED_SWIFT_STANDARD_LIBRARIES = YES;
				BUNDLE_LOADER = "$(TEST_HOST)";
				CODE_SIGN_STYLE = Automatic;
				DEVELOPMENT_TEAM = BABNQ3LD22;
				INFOPLIST_FILE = QuizZapTests/Info.plist;
				IPHONEOS_DEPLOYMENT_TARGET = 14.4;
				LD_RUNPATH_SEARCH_PATHS = (
					"$(inherited)",
					"@executable_path/Frameworks",
					"@loader_path/Frameworks",
				);
				PRODUCT_BUNDLE_IDENTIFIER = com.talesconrado.QuizZapTests;
				PRODUCT_NAME = "$(TARGET_NAME)";
				SWIFT_VERSION = 5.0;
				TARGETED_DEVICE_FAMILY = "1,2";
				TEST_HOST = "$(BUILT_PRODUCTS_DIR)/QuizZap.app/QuizZap";
			};
			name = Release;
		};
		E92393B025C988D2006931B9 /* Debug */ = {
			isa = XCBuildConfiguration;
			buildSettings = {
				ALWAYS_EMBED_SWIFT_STANDARD_LIBRARIES = YES;
				CODE_SIGN_STYLE = Automatic;
				DEVELOPMENT_TEAM = BABNQ3LD22;
				INFOPLIST_FILE = QuizZapUITests/Info.plist;
				LD_RUNPATH_SEARCH_PATHS = (
					"$(inherited)",
					"@executable_path/Frameworks",
					"@loader_path/Frameworks",
				);
				PRODUCT_BUNDLE_IDENTIFIER = com.talesconrado.QuizZapUITests;
				PRODUCT_NAME = "$(TARGET_NAME)";
				SWIFT_VERSION = 5.0;
				TARGETED_DEVICE_FAMILY = "1,2";
				TEST_TARGET_NAME = QuizZap;
			};
			name = Debug;
		};
		E92393B125C988D2006931B9 /* Release */ = {
			isa = XCBuildConfiguration;
			buildSettings = {
				ALWAYS_EMBED_SWIFT_STANDARD_LIBRARIES = YES;
				CODE_SIGN_STYLE = Automatic;
				DEVELOPMENT_TEAM = BABNQ3LD22;
				INFOPLIST_FILE = QuizZapUITests/Info.plist;
				LD_RUNPATH_SEARCH_PATHS = (
					"$(inherited)",
					"@executable_path/Frameworks",
					"@loader_path/Frameworks",
				);
				PRODUCT_BUNDLE_IDENTIFIER = com.talesconrado.QuizZapUITests;
				PRODUCT_NAME = "$(TARGET_NAME)";
				SWIFT_VERSION = 5.0;
				TARGETED_DEVICE_FAMILY = "1,2";
				TEST_TARGET_NAME = QuizZap;
			};
			name = Release;
		};
/* End XCBuildConfiguration section */

/* Begin XCConfigurationList section */
		E923937725C988CF006931B9 /* Build configuration list for PBXProject "QuizZap" */ = {
			isa = XCConfigurationList;
			buildConfigurations = (
				E92393A725C988D2006931B9 /* Debug */,
				E92393A825C988D2006931B9 /* Release */,
			);
			defaultConfigurationIsVisible = 0;
			defaultConfigurationName = Release;
		};
		E92393A925C988D2006931B9 /* Build configuration list for PBXNativeTarget "QuizZap" */ = {
			isa = XCConfigurationList;
			buildConfigurations = (
				E92393AA25C988D2006931B9 /* Debug */,
				E92393AB25C988D2006931B9 /* Release */,
			);
			defaultConfigurationIsVisible = 0;
			defaultConfigurationName = Release;
		};
		E92393AC25C988D2006931B9 /* Build configuration list for PBXNativeTarget "QuizZapTests" */ = {
			isa = XCConfigurationList;
			buildConfigurations = (
				E92393AD25C988D2006931B9 /* Debug */,
				E92393AE25C988D2006931B9 /* Release */,
			);
			defaultConfigurationIsVisible = 0;
			defaultConfigurationName = Release;
		};
		E92393AF25C988D2006931B9 /* Build configuration list for PBXNativeTarget "QuizZapUITests" */ = {
			isa = XCConfigurationList;
			buildConfigurations = (
				E92393B025C988D2006931B9 /* Debug */,
				E92393B125C988D2006931B9 /* Release */,
			);
			defaultConfigurationIsVisible = 0;
			defaultConfigurationName = Release;
		};
/* End XCConfigurationList section */

/* Begin XCVersionGroup section */
		E923938825C988CF006931B9 /* QuizZap.xcdatamodeld */ = {
			isa = XCVersionGroup;
			children = (
				E923938925C988CF006931B9 /* QuizZap.xcdatamodel */,
			);
			currentVersion = E923938925C988CF006931B9 /* QuizZap.xcdatamodel */;
			path = QuizZap.xcdatamodeld;
			sourceTree = "<group>";
			versionGroupType = wrapper.xcdatamodel;
		};
/* End XCVersionGroup section */
	};
	rootObject = E923937425C988CF006931B9 /* Project object */;
}
